
Microsoft Visual Studio Solution File, Format Version 12.00
# Visual Studio Version 16
VisualStudioVersion = 16.0.30413.136
MinimumVisualStudioVersion = 10.0.40219.1
Project("{FAE04EC0-301F-11D3-BF4B-00C04F79EFBC}") = "Overcoat", "Overcoat.csproj", "{47DEA54F-53A1-4015-8223-2468F71AD014}"
EndProject
Global
	GlobalSection(SolutionConfigurationPlatforms) = preSolution
		Debug|Any CPU = Debug|Any CPU
		Release|Any CPU = Release|Any CPU
	EndGlobalSection
	GlobalSection(ProjectConfigurationPlatforms) = postSolution
		{47DEA54F-53A1-4015-8223-2468F71AD014}.Debug|Any CPU.ActiveCfg = Debug|Any CPU
		{47DEA54F-53A1-4015-8223-2468F71AD014}.Debug|Any CPU.Build.0 = Debug|Any CPU
		{47DEA54F-53A1-4015-8223-2468F71AD014}.Release|Any CPU.ActiveCfg = Release|Any CPU
		{47DEA54F-53A1-4015-8223-2468F71AD014}.Release|Any CPU.Build.0 = Release|Any CPU
	EndGlobalSection
	GlobalSection(SolutionProperties) = preSolution
		HideSolutionNode = FALSE
	EndGlobalSection
	GlobalSection(ExtensibilityGlobals) = postSolution
		SolutionGuid = {6FE74B52-0C63-4430-80AF-5160AABDE37C}
	EndGlobalSection
EndGlobal
